github.com/davecgh/go-spew v1.1.0/go.mod h1:J7Y8YcW2NihsgmVo/mv3lAwl/skON4iLHjSsI+c5H38=
github.com/davecgh/go-spew v1.1.1 h1:vj9j/u1bqnvCEfJOwUhtlOARqs3+rkHYY13jYWTU97c=
github.com/davecgh/go-spew v1.1.1/go.mod h1:J7Y8YcW2NihsgmVo/mv3lAwl/skON4iLHjSsI+c5H38=
github.com/felixge/httpsnoop v1.0.3 h1:s/nj+GCswXYzN5v2DpNMuMQYe+0DDwt5WVCU6CWBdXk=
github.com/felixge/httpsnoop v1.0.3/go.mod h1:m8KPJKqk1gH5J9DgRY2ASl2lWCfGKXixSwevea8zH2U=
github.com/go-logr/logr v1.2.2/go.mod h1:jdQByPbusPIv2/zmleS9BjJVeZ6kBagPoEUsqbVz/1A=
github.com/go-logr/logr v1.2.3 h1:2DntVwHkVopvECVRSlL5PSo9eG+cAkDCuckLubN+rq0=
github.com/go-logr/logr v1.2.3/go.mod h1:jdQByPbusPIv2/zmleS9BjJVeZ6kBagPoEUsqbVz/1A=
github.com/go-logr/logr v1.2.4 h1:g01GSCwiDw2xSZfjJ2/T9M+S6pFdcNtFYsp+Y43HYDQ=
github.com/go-logr/logr v1.2.4/go.mod h1:jdQByPbusPIv2/zmleS9BjJVeZ6kBagPoEUsqbVz/1A=
github.com/go-logr/stdr v1.2.2 h1:hSWxHoqTgW2S2qGc0LTAI563KZ5YKYRhT3MFKZMbjag=
github.com/go-logr/stdr v1.2.2/go.mod h1:mMo/vtBO5dYbehREoey6XUKy/eSumjCCveDpRre4VKE=
github.com/google/go-cmp v0.5.9 h1:O2Tfq5qg4qc4AmwVlvv0oLiVAGB7enBSJ2x2DqQFi38=
github.com/hashicorp/go-cleanhttp v0.5.2 h1:035FKYIWjmULyFRBKPs8TBQoi0x6d9G4xc9neXJWAZQ=
github.com/hashicorp/go-cleanhttp v0.5.2/go.mod h1:kO/YDlP8L1346E6Sodw+PrpBSV4/SoxCXGY6BqNFT48=
github.com/pmezard/go-difflib v1.0.0 h1:4DBwDE0NGyQoBHbLQYPwSUPoCMWR5BEzIk/f1lZbAQM=
github.com/pmezard/go-difflib v1.0.0/go.mod h1:iKH77koFhYxTK1pcRnkKkqfTogsbg7gZNVY4sRDYZ/4=
github.com/sethvargo/go-envconfig v0.8.3 h1:dXyUrDCJvCm3ybP7yNpiux93qoSORvuH23bdsgFfiJ0=
github.com/sethvargo/go-envconfig v0.8.3/go.mod h1:Iz1Gy1Sf3T64TQlJSvee81qDhf7YIlt8GMUX6yyNFs0=
github.com/sethvargo/go-envconfig v0.9.0 h1:Q6FQ6hVEeTECULvkJZakq3dZMeBQ3JUpcKMfPQbKMDE=
github.com/sethvargo/go-envconfig v0.9.0/go.mod h1:Iz1Gy1Sf3T64TQlJSvee81qDhf7YIlt8GMUX6yyNFs0=
github.com/stretchr/objx v0.1.0/go.mod h1:HFkY916IF+rwdDfMAkV7OtwuqBVzrE8GR6GFx+wExME=
github.com/stretchr/testify v1.3.0/go.mod h1:M5WIy9Dh21IEIfnGCwXGc5bZfKNJtfHm1UVUgZn+9EI=
github.com/stretchr/testify v1.8.1 h1:w7B6lhMri9wdJUVmEZPGGhZzrYTPvgJArz7wNPgYKsk=
github.com/tullo/otel-workshop v0.4.2 h1:k+D9puCmZHAt3Vn78RELjlc0TF1p+VrI2/CLeVBqYx8=
github.com/tullo/otel-workshop v0.4.2/go.mod h1:gykeiONWOUMBV+oHWiQUAPKqjQWoQkPN2fO0KM85hzE=
github.com/tullo/otel-workshop v1.0.1 h1:P77Ga31rn/GzjqhprxElhHUT+LRFmo1AsoAaHq1Xp14=
github.com/tullo/otel-workshop v1.0.1/go.mod h1:gykeiONWOUMBV+oHWiQUAPKqjQWoQkPN2fO0KM85hzE=
github.com/tullo/otel-workshop v1.0.3 h1:0ZfU4IkWdDOM+c6vbJQSlIxSywbHEB9wwXGPlQmD2L0=
github.com/tullo/otel-workshop v1.0.3/go.mod h1:mEYdW0WWpGXm2q/7/sKo6WT7t80JbPJrPOxuB9YhTwU=
github.com/tullo/otel-workshop/web/fib v1.0.3 h1:OO6Fh8xkaT+vJXTpFVrfYwdftaOx0jPFJxoQoSRyw6c=
github.com/tullo/otel-workshop/web/fib v1.0.3/go.mod h1:X6H/IDwqeHHwdYHbnXvDwHlWdGUYunRINFLncnvV7sw=
go.opentelemetry.io/contrib/instrumentation/net/http/httptrace/otelhttptrace v0.38.0 h1:q2UbRSx6GEv9HSjgMSQKcuJ9xaczm8xeKIRNzV28RJc=
go.opentelemetry.io/contrib/instrumentation/net/http/httptrace/otelhttptrace v0.38.0/go.mod h1:0qaU8WKebRvZWDd0VqhlLXXzEmTmyELEQbdAsxIbe1k=
go.opentelemetry.io/contrib/instrumentation/net/http/httptrace/otelhttptrace v0.42.0 h1:0vzgiFDsCh/jxRCR1xcRrtMoeCu2itXz/PsXst5P8rI=
go.opentelemetry.io/contrib/instrumentation/net/http/httptrace/otelhttptrace v0.42.0/go.mod h1:y0vOY2OKFMOTvwxKfurStPayUUKGHlNeVqNneHmFXr0=
go.opentelemetry.io/contrib/instrumentation/net/http/otelhttp v0.39.0 h1:vFEBG7SieZJzvnRWQ81jxpuEqe6J8Ex+hgc9CqOTzHc=
go.opentelemetry.io/contrib/instrumentation/net/http/otelhttp v0.39.0/go.mod h1:9rgTcOKdIhDOC0IcAu8a+R+FChqSUBihKpM1lVNi6T0=
go.opentelemetry.io/contrib/instrumentation/net/http/otelhttp v0.42.0 h1:pginetY7+onl4qN1vl0xW/V/v6OBZ0vVdH+esuJgvmM=
go.opentelemetry.io/contrib/instrumentation/net/http/otelhttp v0.42.0/go.mod h1:XiYsayHc36K3EByOO6nbAXnAWbrUxdjUROCEeeROOH8=
go.opentelemetry.io/contrib/propagators/b3 v1.13.0 h1:f17PBmZK60RoHvOpJVqEka8oS2EXjpjHquESD/8zZ50=
go.opentelemetry.io/contrib/propagators/b3 v1.13.0/go.mod h1:zy2hz1TpGUoJzSwlBchVGvVAFQS8s2pglKLbrAFZ+Sc=
go.opentelemetry.io/contrib/propagators/b3 v1.14.0 h1:0SBc35DESy/YXShxFtu3634OwcEWJoGzSA8Hx/NbOo8=
go.opentelemetry.io/contrib/propagators/b3 v1.14.0/go.mod h1:A76N3hFhcmXo+tkmn6SE1x0AQv1JwFyiJXMclWzy/YQ=
go.opentelemetry.io/contrib/propagators/b3 v1.15.0 h1:bMaonPyFcAvZ4EVzkUNkfnUHP5Zi63CIDlA3dRsEg8Q=
go.opentelemetry.io/contrib/propagators/b3 v1.15.0/go.mod h1:VjU0g2v6HSQ+NwfifambSLAeBgevjIcqmceaKWEzl0c=
go.opentelemetry.io/contrib/propagators/b3 v1.16.0 h1:3BuDTx8edPNwzgfrz1eOkyp3qjYmvGMwNuRNVTfj/EY=
go.opentelemetry.io/contrib/propagators/b3 v1.16.0/go.mod h1:807emHcQNI1k9s2jMW7E3SismFpmSI0uethJZ8THQ5s=
go.opentelemetry.io/contrib/propagators/b3 v1.16.1 h1:Y9Dk1kR93eSHadRTkqnm+QyQVhHthCcvTkoP/Afh7+4=
go.opentelemetry.io/contrib/propagators/b3 v1.16.1/go.mod h1:IR0G6txqoetQrjjdoDGe+udhFegxnQQd0dOJfFS8Jg0=
go.opentelemetry.io/contrib/propagators/b3 v1.17.0 h1:ImOVvHnku8jijXqkwCSyYKRDt2YrnGXD4BbhcpfbfJo=
go.opentelemetry.io/contrib/propagators/b3 v1.17.0/go.mod h1:IkfUfMpKWmynvvE0264trz0sf32NRTZL4nuAN9AbWRc=
go.opentelemetry.io/contrib/propagators/b3 v1.18.0 h1:hhSlPVi9AQwOmbMmptPNLfRZOLgENdRM2kb7z9LFe1A=
go.opentelemetry.io/contrib/propagators/b3 v1.18.0/go.mod h1:qtt+pEu23D7UVP+j33G4i7LopmVu8/6/IwGu3hEm100=
go.opentelemetry.io/contrib/propagators/ot v1.13.0 h1:tHWNd0WRS6w9keZoZg9aF3zYohdaBacQfojPYZJgATQ=
go.opentelemetry.io/contrib/propagators/ot v1.13.0/go.mod h1:R6Op9T6LxNaMRVlGD0wVwz40LSsAq296CXiEydKLQBU=
go.opentelemetry.io/contrib/propagators/ot v1.14.0 h1:jqxznjMkz/3l4NUsYq4OMbP+zs5twBbCZwSlSt82KXo=
go.opentelemetry.io/contrib/propagators/ot v1.14.0/go.mod h1:0qeUHgw3lmmZupgaft3m2/K6ip+pzqwePuW/lvU7ia4=
go.opentelemetry.io/contrib/propagators/ot v1.15.0 h1:iBNejawWy7wWZ5msuZDNcMjBy14Wc0v3gCAXukGHN/Q=
go.opentelemetry.io/contrib/propagators/ot v1.15.0/go.mod h1:0P7QQ+MHt6SXR1ATaMpewSiWlp8NbKErNLKcaU4EEKI=
go.opentelemetry.io/contrib/propagators/ot v1.16.0 h1:W052TMH63m9Y/9ZkhtJMfXnGOIqtLhb182M42DVhAdo=
go.opentelemetry.io/contrib/propagators/ot v1.16.0/go.mod h1:edBlwHbjkcM4ioSCky82ZvkXzL9ABwPF0sFWfz1kWuA=
go.opentelemetry.io/contrib/propagators/ot v1.16.1 h1:3WV1I2H0UiNbisvGU6oqmrxN9Cfyk4yPkxUKiikqYyU=
go.opentelemetry.io/contrib/propagators/ot v1.16.1/go.mod h1:8330C6LX5qEV4x/2k+RIHh7H7Bggs9d9Hs42RmsA4j0=
go.opentelemetry.io/contrib/propagators/ot v1.17.0 h1:ufo2Vsz8l76eI47jFjuVyjyB3Ae2DmfiCV/o6Vc8ii0=
go.opentelemetry.io/contrib/propagators/ot v1.17.0/go.mod h1:SbKPj5XGp8K/sGm05XblaIABgMgw2jDczP8gGeuaVLk=
go.opentelemetry.io/contrib/propagators/ot v1.18.0 h1:VmzxO7BjUU6oo0ChcKuGdKaSR0vchPxwahHZl64zVUM=
go.opentelemetry.io/contrib/propagators/ot v1.18.0/go.mod h1:5VwcOJ7OjS0uPxaxuwKHwJtkt+EAC+cgjXleXMe51z4=
go.opentelemetry.io/otel v1.13.0 h1:1ZAKnNQKwBBxFtww/GwxNUyTf0AxkZzrukO8MeXqe4Y=
go.opentelemetry.io/otel v1.13.0/go.mod h1:FH3RtdZCzRkJYFTCsAKDy9l/XYjMdNv6QrkFFB8DvVg=
go.opentelemetry.io/otel v1.14.0 h1:/79Huy8wbf5DnIPhemGB+zEPVwnN6fuQybr/SRXa6hM=
go.opentelemetry.io/otel v1.14.0/go.mod h1:o4buv+dJzx8rohcUeRmWUZhqupFvzWis188WlggnNeU=
go.opentelemetry.io/otel v1.15.0 h1:NIl24d4eiLJPM0vKn4HjLYM+UZf6gSfi9Z+NmCxkWbk=
go.opentelemetry.io/otel v1.15.0/go.mod h1:qfwLEbWhLPk5gyWrne4XnF0lC8wtywbuJbgfAE3zbek=
go.opentelemetry.io/otel v1.15.1 h1:3Iwq3lfRByPaws0f6bU3naAqOR1n5IeDWd9390kWHa8=
go.opentelemetry.io/otel v1.15.1/go.mod h1:mHHGEHVDLal6YrKMmk9LqC4a3sF5g+fHfrttQIB1NTc=
go.opentelemetry.io/otel v1.16.0 h1:Z7GVAX/UkAXPKsy94IU+i6thsQS4nb7LviLpnaNeW8s=
go.opentelemetry.io/otel v1.16.0/go.mod h1:vl0h9NUa1D5s1nv3A5vZOYWn8av4K8Ml6JDeHrT/bx4=
go.opentelemetry.io/otel v1.17.0 h1:MW+phZ6WZ5/uk2nd93ANk/6yJ+dVrvNWUjGhnnFU5jM=
go.opentelemetry.io/otel v1.17.0/go.mod h1:I2vmBGtFaODIVMBSTPVDlJSzBDNf93k60E6Ft0nyjo0=
go.opentelemetry.io/otel v1.18.0 h1:TgVozPGZ01nHyDZxK5WGPFB9QexeTMXEH7+tIClWfzs=
go.opentelemetry.io/otel v1.18.0/go.mod h1:9lWqYO0Db579XzVuCKFNPDl4s73Voa+zEck3wHaAYQI=
go.opentelemetry.io/otel/metric v0.36.0 h1:t0lgGI+L68QWt3QtOIlqM9gXoxqxWLhZ3R/e5oOAY0Q=
go.opentelemetry.io/otel/metric v0.36.0/go.mod h1:wKVw57sd2HdSZAzyfOM9gTqqE8v7CbqWsYL6AyrH9qk=
go.opentelemetry.io/otel/metric v1.16.0 h1:RbrpwVG1Hfv85LgnZ7+txXioPDoh6EdbZHo26Q3hqOo=
go.opentelemetry.io/otel/metric v1.16.0/go.mod h1:QE47cpOmkwipPiefDwo2wDzwJrlfxxNYodqc4xnGCo4=
go.opentelemetry.io/otel/metric v1.17.0 h1:iG6LGVz5Gh+IuO0jmgvpTB6YVrCGngi8QGm+pMd8Pdc=
go.opentelemetry.io/otel/metric v1.17.0/go.mod h1:h4skoxdZI17AxwITdmdZjjYJQH5nzijUUjm+wtPph5o=
go.opentelemetry.io/otel/metric v1.18.0 h1:JwVzw94UYmbx3ej++CwLUQZxEODDj/pOuTCvzhtRrSQ=
go.opentelemetry.io/otel/metric v1.18.0/go.mod h1:nNSpsVDjWGfb7chbRLUNW+PBNdcSTHD4Uu5pfFMOI0k=
go.opentelemetry.io/otel/sdk v1.12.0 h1:8npliVYV7qc0t1FKdpU08eMnOjgPFMnriPhn0HH4q3o=
go.opentelemetry.io/otel/sdk v1.12.0/go.mod h1:WYcvtgquYvgODEvxOry5owO2y9MyciW7JqMz6cpXShE=
go.opentelemetry.io/otel/sdk v1.13.0 h1:BHib5g8MvdqS65yo2vV1s6Le42Hm6rrw08qU6yz5JaM=
go.opentelemetry.io/otel/sdk v1.13.0/go.mod h1:YLKPx5+6Vx/o1TCUYYs+bpymtkmazOMT6zoRrC7AQ7I=
go.opentelemetry.io/otel/sdk v1.14.0 h1:PDCppFRDq8A1jL9v6KMI6dYesaq+DFcDZvjsoGvxGzY=
go.opentelemetry.io/otel/sdk v1.14.0/go.mod h1:bwIC5TjrNG6QDCHNWvW4HLHtUQ4I+VQDsnjhvyZCALM=
go.opentelemetry.io/otel/sdk v1.15.0 h1:jZTCkRRd08nxD6w7rIaZeDNGZGGQstH3SfLQ3ZsKICk=
go.opentelemetry.io/otel/sdk v1.15.0/go.mod h1:XDEMrYWzJ4YlC17i6Luih2lwDw2j6G0PkUfr1ZqE+rQ=
go.opentelemetry.io/otel/sdk v1.15.1 h1:5FKR+skgpzvhPQHIEfcwMYjCBr14LWzs3uSqKiQzETI=
go.opentelemetry.io/otel/sdk v1.15.1/go.mod h1:8rVtxQfrbmbHKfqzpQkT5EzZMcbMBwTzNAggbEAM0KA=
go.opentelemetry.io/otel/sdk v1.16.0 h1:Z1Ok1YsijYL0CSJpHt4cS3wDDh7p572grzNrBMiMWgE=
go.opentelemetry.io/otel/sdk v1.16.0/go.mod h1:tMsIuKXuuIWPBAOrH+eHtvhTL+SntFtXF9QD68aP6p4=
go.opentelemetry.io/otel/sdk v1.17.0 h1:FLN2X66Ke/k5Sg3V623Q7h7nt3cHXaW1FOvKKrW0IpE=
go.opentelemetry.io/otel/sdk v1.17.0/go.mod h1:U87sE0f5vQB7hwUoW98pW5Rz4ZDuCFBZFNUBlSgmDFQ=
go.opentelemetry.io/otel/sdk v1.18.0 h1:e3bAB0wB3MljH38sHzpV/qWrOTCFrdZF2ct9F8rBkcY=
go.opentelemetry.io/otel/sdk v1.18.0/go.mod h1:1RCygWV7plY2KmdskZEDDBs4tJeHG92MdHZIluiYs/M=
go.opentelemetry.io/otel/trace v1.13.0 h1:CBgRZ6ntv+Amuj1jDsMhZtlAPT6gbyIRdaIzFhfBSdY=
go.opentelemetry.io/otel/trace v1.13.0/go.mod h1:muCvmmO9KKpvuXSf3KKAXXB2ygNYHQ+ZfI5X08d3tds=
go.opentelemetry.io/otel/trace v1.14.0 h1:wp2Mmvj41tDsyAJXiWDWpfNsOiIyd38fy85pyKcFq/M=
go.opentelemetry.io/otel/trace v1.14.0/go.mod h1:8avnQLK+CG77yNLUae4ea2JDQ6iT+gozhnZjy/rw9G8=
go.opentelemetry.io/otel/trace v1.15.0 h1:5Fwje4O2ooOxkfyqI/kJwxWotggDLix4BSAvpE1wlpo=
go.opentelemetry.io/otel/trace v1.15.0/go.mod h1:CUsmE2Ht1CRkvE8OsMESvraoZrrcgD1J2W8GV1ev0Y4=
go.opentelemetry.io/otel/trace v1.15.1 h1:uXLo6iHJEzDfrNC0L0mNjItIp06SyaBQxu5t3xMlngY=
go.opentelemetry.io/otel/trace v1.15.1/go.mod h1:IWdQG/5N1x7f6YUlmdLeJvH9yxtuJAfc4VW5Agv9r/8=
go.opentelemetry.io/otel/trace v1.16.0 h1:8JRpaObFoW0pxuVPapkgH8UhHQj+bJW8jJsCZEu5MQs=
go.opentelemetry.io/otel/trace v1.16.0/go.mod h1:Yt9vYq1SdNz3xdjZZK7wcXv1qv2pwLkqr2QVwea0ef0=
go.opentelemetry.io/otel/trace v1.17.0 h1:/SWhSRHmDPOImIAetP1QAeMnZYiQXrTy4fMMYOdSKWQ=
go.opentelemetry.io/otel/trace v1.17.0/go.mod h1:I/4vKTgFclIsXRVucpH25X0mpFSczM7aHeaz0ZBLWjY=
go.opentelemetry.io/otel/trace v1.18.0 h1:NY+czwbHbmndxojTEKiSMHkG2ClNH2PwmcHrdo0JY10=
go.opentelemetry.io/otel/trace v1.18.0/go.mod h1:T2+SGJGuYZY3bjj5rgh/hN7KIrlpWC5nS8Mjvzckz+0=
go.uber.org/atomic v1.7.0 h1:ADUqmZGgLDDfbSL9ZmPxKTybcoEYHgpYfELNoN+7hsw=
go.uber.org/atomic v1.7.0/go.mod h1:fEN4uk6kAWBTFdckzkM89CLk9XfWZrxpCo0nPH17wJc=
go.uber.org/multierr v1.9.0 h1:7fIwc/ZtS0q++VgcfqFDxSBZVv/Xo49/SYnDFupUwlI=
go.uber.org/multierr v1.9.0/go.mod h1:X2jQV1h+kxSjClGpnseKVIxpmcjrj7MNnI0bnlfKTVQ=
go.uber.org/multierr v1.11.0 h1:blXXJkSxSSfBVBlC76pxqeO+LN3aDfLQo+309xJstO0=
go.uber.org/multierr v1.11.0/go.mod h1:20+QtiLqy0Nd6FdQB9TLXag12DsQkrbs3htMFfDN80Y=
golang.org/x/sys v0.0.0-20220919091848-fb04ddd9f9c8 h1:h+EGohizhe9XlX18rfpa8k8RAc5XyaeamM+0VHRd4lc=
golang.org/x/sys v0.0.0-20220919091848-fb04ddd9f9c8/go.mod h1:oPkhp1MJrh7nUepCBck5+mAzfO9JrbApNNgaTdGDITg=
golang.org/x/sys v0.5.0 h1:MUK/U/4lj1t1oPg0HfuXDN/Z1wv31ZJ/YcPiGccS4DU=
golang.org/x/sys v0.5.0/go.mod h1:oPkhp1MJrh7nUepCBck5+mAzfO9JrbApNNgaTdGDITg=
golang.org/x/sys v0.7.0 h1:3jlCCIQZPdOYu1h8BkNvLz8Kgwtae2cagcG/VamtZRU=
golang.org/x/sys v0.7.0/go.mod h1:oPkhp1MJrh7nUepCBck5+mAzfO9JrbApNNgaTdGDITg=
golang.org/x/sys v0.8.0 h1:EBmGv8NaZBZTWvrbjNoL6HVt+IVy3QDQpJs7VRIw3tU=
golang.org/x/sys v0.8.0/go.mod h1:oPkhp1MJrh7nUepCBck5+mAzfO9JrbApNNgaTdGDITg=
golang.org/x/sys v0.11.0 h1:eG7RXZHdqOJ1i+0lgLgCpSXAp6M3LYlAo6osgSi0xOM=
golang.org/x/sys v0.11.0/go.mod h1:oPkhp1MJrh7nUepCBck5+mAzfO9JrbApNNgaTdGDITg=
golang.org/x/sys v0.12.0 h1:CM0HF96J0hcLAwsHPJZjfdNzs0gftsLfgKt57wWHJ0o=
golang.org/x/sys v0.12.0/go.mod h1:oPkhp1MJrh7nUepCBck5+mAzfO9JrbApNNgaTdGDITg=
gopkg.in/yaml.v3 v3.0.1 h1:fxVm/GzAzEWqLHuvctI91KS9hhNmmWOoWu0XTYJS7CA=
