github.com/davecgh/go-spew v1.1.0/go.mod h1:J7Y8YcW2NihsgmVo/mv3lAwl/skON4iLHjSsI+c5H38=
github.com/davecgh/go-spew v1.1.1 h1:vj9j/u1bqnvCEfJOwUhtlOARqs3+rkHYY13jYWTU97c=
github.com/davecgh/go-spew v1.1.1/go.mod h1:J7Y8YcW2NihsgmVo/mv3lAwl/skON4iLHjSsI+c5H38=
github.com/felixge/httpsnoop v1.0.3 h1:s/nj+GCswXYzN5v2DpNMuMQYe+0DDwt5WVCU6CWBdXk=
github.com/felixge/httpsnoop v1.0.3/go.mod h1:m8KPJKqk1gH5J9DgRY2ASl2lWCfGKXixSwevea8zH2U=
github.com/go-logr/logr v1.2.2/go.mod h1:jdQByPbusPIv2/zmleS9BjJVeZ6kBagPoEUsqbVz/1A=
github.com/go-logr/logr v1.2.3 h1:2DntVwHkVopvECVRSlL5PSo9eG+cAkDCuckLubN+rq0=
github.com/go-logr/logr v1.2.3/go.mod h1:jdQByPbusPIv2/zmleS9BjJVeZ6kBagPoEUsqbVz/1A=
github.com/go-logr/logr v1.2.4 h1:g01GSCwiDw2xSZfjJ2/T9M+S6pFdcNtFYsp+Y43HYDQ=
github.com/go-logr/logr v1.2.4/go.mod h1:jdQByPbusPIv2/zmleS9BjJVeZ6kBagPoEUsqbVz/1A=
github.com/go-logr/stdr v1.2.2 h1:hSWxHoqTgW2S2qGc0LTAI563KZ5YKYRhT3MFKZMbjag=
github.com/go-logr/stdr v1.2.2/go.mod h1:mMo/vtBO5dYbehREoey6XUKy/eSumjCCveDpRre4VKE=
github.com/google/go-cmp v0.5.9 h1:O2Tfq5qg4qc4AmwVlvv0oLiVAGB7enBSJ2x2DqQFi38=
github.com/hashicorp/go-cleanhttp v0.5.2 h1:035FKYIWjmULyFRBKPs8TBQoi0x6d9G4xc9neXJWAZQ=
github.com/hashicorp/go-cleanhttp v0.5.2/go.mod h1:kO/YDlP8L1346E6Sodw+PrpBSV4/SoxCXGY6BqNFT48=
github.com/pmezard/go-difflib v1.0.0 h1:4DBwDE0NGyQoBHbLQYPwSUPoCMWR5BEzIk/f1lZbAQM=
github.com/pmezard/go-difflib v1.0.0/go.mod h1:iKH77koFhYxTK1pcRnkKkqfTogsbg7gZNVY4sRDYZ/4=
github.com/sethvargo/go-envconfig v0.8.3 h1:dXyUrDCJvCm3ybP7yNpiux93qoSORvuH23bdsgFfiJ0=
github.com/sethvargo/go-envconfig v0.8.3/go.mod h1:Iz1Gy1Sf3T64TQlJSvee81qDhf7YIlt8GMUX6yyNFs0=
github.com/sethvargo/go-envconfig v0.9.0 h1:Q6FQ6hVEeTECULvkJZakq3dZMeBQ3JUpcKMfPQbKMDE=
github.com/sethvargo/go-envconfig v0.9.0/go.mod h1:Iz1Gy1Sf3T64TQlJSvee81qDhf7YIlt8GMUX6yyNFs0=
github.com/stretchr/objx v0.1.0/go.mod h1:HFkY916IF+rwdDfMAkV7OtwuqBVzrE8GR6GFx+wExME=
github.com/stretchr/testify v1.3.0/go.mod h1:M5WIy9Dh21IEIfnGCwXGc5bZfKNJtfHm1UVUgZn+9EI=
github.com/stretchr/testify v1.8.1 h1:w7B6lhMri9wdJUVmEZPGGhZzrYTPvgJArz7wNPgYKsk=
github.com/tullo/otel-workshop v0.4.2 h1:k+D9puCmZHAt3Vn78RELjlc0TF1p+VrI2/CLeVBqYx8=
github.com/tullo/otel-workshop v0.4.2/go.mod h1:gykeiONWOUMBV+oHWiQUAPKqjQWoQkPN2fO0KM85hzE=
github.com/tullo/otel-workshop v1.0.1 h1:P77Ga31rn/GzjqhprxElhHUT+LRFmo1AsoAaHq1Xp14=
github.com/tullo/otel-workshop v1.0.1/go.mod h1:gykeiONWOUMBV+oHWiQUAPKqjQWoQkPN2fO0KM85hzE=
go.opentelemetry.io/contrib/instrumentation/net/http/httptrace/otelhttptrace v0.38.0 h1:q2UbRSx6GEv9HSjgMSQKcuJ9xaczm8xeKIRNzV28RJc=
go.opentelemetry.io/contrib/instrumentation/net/http/httptrace/otelhttptrace v0.38.0/go.mod h1:0qaU8WKebRvZWDd0VqhlLXXzEmTmyELEQbdAsxIbe1k=
go.opentelemetry.io/contrib/instrumentation/net/http/otelhttp v0.39.0 h1:vFEBG7SieZJzvnRWQ81jxpuEqe6J8Ex+hgc9CqOTzHc=
go.opentelemetry.io/contrib/instrumentation/net/http/otelhttp v0.39.0/go.mod h1:9rgTcOKdIhDOC0IcAu8a+R+FChqSUBihKpM1lVNi6T0=
go.opentelemetry.io/contrib/propagators/b3 v1.13.0 h1:f17PBmZK60RoHvOpJVqEka8oS2EXjpjHquESD/8zZ50=
go.opentelemetry.io/contrib/propagators/b3 v1.13.0/go.mod h1:zy2hz1TpGUoJzSwlBchVGvVAFQS8s2pglKLbrAFZ+Sc=
go.opentelemetry.io/contrib/propagators/b3 v1.14.0 h1:0SBc35DESy/YXShxFtu3634OwcEWJoGzSA8Hx/NbOo8=
go.opentelemetry.io/contrib/propagators/b3 v1.14.0/go.mod h1:A76N3hFhcmXo+tkmn6SE1x0AQv1JwFyiJXMclWzy/YQ=
go.opentelemetry.io/contrib/propagators/b3 v1.15.0 h1:bMaonPyFcAvZ4EVzkUNkfnUHP5Zi63CIDlA3dRsEg8Q=
go.opentelemetry.io/contrib/propagators/b3 v1.15.0/go.mod h1:VjU0g2v6HSQ+NwfifambSLAeBgevjIcqmceaKWEzl0c=
go.opentelemetry.io/contrib/propagators/b3 v1.16.0 h1:3BuDTx8edPNwzgfrz1eOkyp3qjYmvGMwNuRNVTfj/EY=
go.opentelemetry.io/contrib/propagators/b3 v1.16.0/go.mod h1:807emHcQNI1k9s2jMW7E3SismFpmSI0uethJZ8THQ5s=
go.opentelemetry.io/contrib/propagators/b3 v1.16.1 h1:Y9Dk1kR93eSHadRTkqnm+QyQVhHthCcvTkoP/Afh7+4=
go.opentelemetry.io/contrib/propagators/b3 v1.16.1/go.mod h1:IR0G6txqoetQrjjdoDGe+udhFegxnQQd0dOJfFS8Jg0=
go.opentelemetry.io/contrib/propagators/ot v1.13.0 h1:tHWNd0WRS6w9keZoZg9aF3zYohdaBacQfojPYZJgATQ=
go.opentelemetry.io/contrib/propagators/ot v1.13.0/go.mod h1:R6Op9T6LxNaMRVlGD0wVwz40LSsAq296CXiEydKLQBU=
go.opentelemetry.io/contrib/propagators/ot v1.14.0 h1:jqxznjMkz/3l4NUsYq4OMbP+zs5twBbCZwSlSt82KXo=
go.opentelemetry.io/contrib/propagators/ot v1.14.0/go.mod h1:0qeUHgw3lmmZupgaft3m2/K6ip+pzqwePuW/lvU7ia4=
go.opentelemetry.io/contrib/propagators/ot v1.15.0 h1:iBNejawWy7wWZ5msuZDNcMjBy14Wc0v3gCAXukGHN/Q=
go.opentelemetry.io/contrib/propagators/ot v1.15.0/go.mod h1:0P7QQ+MHt6SXR1ATaMpewSiWlp8NbKErNLKcaU4EEKI=
go.opentelemetry.io/contrib/propagators/ot v1.16.0 h1:W052TMH63m9Y/9ZkhtJMfXnGOIqtLhb182M42DVhAdo=
go.opentelemetry.io/contrib/propagators/ot v1.16.0/go.mod h1:edBlwHbjkcM4ioSCky82ZvkXzL9ABwPF0sFWfz1kWuA=
go.opentelemetry.io/contrib/propagators/ot v1.16.1 h1:3WV1I2H0UiNbisvGU6oqmrxN9Cfyk4yPkxUKiikqYyU=
go.opentelemetry.io/contrib/propagators/ot v1.16.1/go.mod h1:8330C6LX5qEV4x/2k+RIHh7H7Bggs9d9Hs42RmsA4j0=
go.opentelemetry.io/otel v1.13.0 h1:1ZAKnNQKwBBxFtww/GwxNUyTf0AxkZzrukO8MeXqe4Y=
go.opentelemetry.io/otel v1.13.0/go.mod h1:FH3RtdZCzRkJYFTCsAKDy9l/XYjMdNv6QrkFFB8DvVg=
go.opentelemetry.io/otel v1.14.0 h1:/79Huy8wbf5DnIPhemGB+zEPVwnN6fuQybr/SRXa6hM=
go.opentelemetry.io/otel v1.14.0/go.mod h1:o4buv+dJzx8rohcUeRmWUZhqupFvzWis188WlggnNeU=
go.opentelemetry.io/otel v1.15.0 h1:NIl24d4eiLJPM0vKn4HjLYM+UZf6gSfi9Z+NmCxkWbk=
go.opentelemetry.io/otel v1.15.0/go.mod h1:qfwLEbWhLPk5gyWrne4XnF0lC8wtywbuJbgfAE3zbek=
go.opentelemetry.io/otel v1.15.1 h1:3Iwq3lfRByPaws0f6bU3naAqOR1n5IeDWd9390kWHa8=
go.opentelemetry.io/otel v1.15.1/go.mod h1:mHHGEHVDLal6YrKMmk9LqC4a3sF5g+fHfrttQIB1NTc=
go.opentelemetry.io/otel/metric v0.36.0 h1:t0lgGI+L68QWt3QtOIlqM9gXoxqxWLhZ3R/e5oOAY0Q=
go.opentelemetry.io/otel/metric v0.36.0/go.mod h1:wKVw57sd2HdSZAzyfOM9gTqqE8v7CbqWsYL6AyrH9qk=
go.opentelemetry.io/otel/sdk v1.12.0 h1:8npliVYV7qc0t1FKdpU08eMnOjgPFMnriPhn0HH4q3o=
go.opentelemetry.io/otel/sdk v1.12.0/go.mod h1:WYcvtgquYvgODEvxOry5owO2y9MyciW7JqMz6cpXShE=
go.opentelemetry.io/otel/sdk v1.13.0 h1:BHib5g8MvdqS65yo2vV1s6Le42Hm6rrw08qU6yz5JaM=
go.opentelemetry.io/otel/sdk v1.13.0/go.mod h1:YLKPx5+6Vx/o1TCUYYs+bpymtkmazOMT6zoRrC7AQ7I=
go.opentelemetry.io/otel/sdk v1.14.0 h1:PDCppFRDq8A1jL9v6KMI6dYesaq+DFcDZvjsoGvxGzY=
go.opentelemetry.io/otel/sdk v1.14.0/go.mod h1:bwIC5TjrNG6QDCHNWvW4HLHtUQ4I+VQDsnjhvyZCALM=
go.opentelemetry.io/otel/sdk v1.15.0 h1:jZTCkRRd08nxD6w7rIaZeDNGZGGQstH3SfLQ3ZsKICk=
go.opentelemetry.io/otel/sdk v1.15.0/go.mod h1:XDEMrYWzJ4YlC17i6Luih2lwDw2j6G0PkUfr1ZqE+rQ=
go.opentelemetry.io/otel/sdk v1.15.1 h1:5FKR+skgpzvhPQHIEfcwMYjCBr14LWzs3uSqKiQzETI=
go.opentelemetry.io/otel/sdk v1.15.1/go.mod h1:8rVtxQfrbmbHKfqzpQkT5EzZMcbMBwTzNAggbEAM0KA=
go.opentelemetry.io/otel/trace v1.13.0 h1:CBgRZ6ntv+Amuj1jDsMhZtlAPT6gbyIRdaIzFhfBSdY=
go.opentelemetry.io/otel/trace v1.13.0/go.mod h1:muCvmmO9KKpvuXSf3KKAXXB2ygNYHQ+ZfI5X08d3tds=
go.opentelemetry.io/otel/trace v1.14.0 h1:wp2Mmvj41tDsyAJXiWDWpfNsOiIyd38fy85pyKcFq/M=
go.opentelemetry.io/otel/trace v1.14.0/go.mod h1:8avnQLK+CG77yNLUae4ea2JDQ6iT+gozhnZjy/rw9G8=
go.opentelemetry.io/otel/trace v1.15.0 h1:5Fwje4O2ooOxkfyqI/kJwxWotggDLix4BSAvpE1wlpo=
go.opentelemetry.io/otel/trace v1.15.0/go.mod h1:CUsmE2Ht1CRkvE8OsMESvraoZrrcgD1J2W8GV1ev0Y4=
go.opentelemetry.io/otel/trace v1.15.1 h1:uXLo6iHJEzDfrNC0L0mNjItIp06SyaBQxu5t3xMlngY=
go.opentelemetry.io/otel/trace v1.15.1/go.mod h1:IWdQG/5N1x7f6YUlmdLeJvH9yxtuJAfc4VW5Agv9r/8=
go.uber.org/atomic v1.7.0 h1:ADUqmZGgLDDfbSL9ZmPxKTybcoEYHgpYfELNoN+7hsw=
go.uber.org/atomic v1.7.0/go.mod h1:fEN4uk6kAWBTFdckzkM89CLk9XfWZrxpCo0nPH17wJc=
go.uber.org/multierr v1.9.0 h1:7fIwc/ZtS0q++VgcfqFDxSBZVv/Xo49/SYnDFupUwlI=
go.uber.org/multierr v1.9.0/go.mod h1:X2jQV1h+kxSjClGpnseKVIxpmcjrj7MNnI0bnlfKTVQ=
go.uber.org/multierr v1.11.0 h1:blXXJkSxSSfBVBlC76pxqeO+LN3aDfLQo+309xJstO0=
go.uber.org/multierr v1.11.0/go.mod h1:20+QtiLqy0Nd6FdQB9TLXag12DsQkrbs3htMFfDN80Y=
golang.org/x/sys v0.0.0-20220919091848-fb04ddd9f9c8 h1:h+EGohizhe9XlX18rfpa8k8RAc5XyaeamM+0VHRd4lc=
golang.org/x/sys v0.0.0-20220919091848-fb04ddd9f9c8/go.mod h1:oPkhp1MJrh7nUepCBck5+mAzfO9JrbApNNgaTdGDITg=
golang.org/x/sys v0.5.0 h1:MUK/U/4lj1t1oPg0HfuXDN/Z1wv31ZJ/YcPiGccS4DU=
golang.org/x/sys v0.5.0/go.mod h1:oPkhp1MJrh7nUepCBck5+mAzfO9JrbApNNgaTdGDITg=
golang.org/x/sys v0.7.0 h1:3jlCCIQZPdOYu1h8BkNvLz8Kgwtae2cagcG/VamtZRU=
golang.org/x/sys v0.7.0/go.mod h1:oPkhp1MJrh7nUepCBck5+mAzfO9JrbApNNgaTdGDITg=
gopkg.in/yaml.v3 v3.0.1 h1:fxVm/GzAzEWqLHuvctI91KS9hhNmmWOoWu0XTYJS7CA=
